
Microsoft Visual Studio Solution File, Format Version 12.00
# Visual Studio Version 16
VisualStudioVersion = 16.0.29613.14
MinimumVisualStudioVersion = 10.0.40219.1
Project("{9A19103F-16F7-4668-BE54-9A1E7A4F7556}") = "Model", "Shared\Model\Model.csproj", "{442D001C-7476-4607-80CC-BE578F70640D}"
EndProject
Project("{2150E333-8FDC-42A3-9474-1A3956D46DE8}") = "Server", "Server", "{688FEB76-3E5A-4260-B21C-431637C733FD}"
EndProject
Project("{2150E333-8FDC-42A3-9474-1A3956D46DE8}") = "Client", "Client", "{ABBB723B-12CB-48BC-A98E-829DC1370C77}"
EndProject
Project("{9A19103F-16F7-4668-BE54-9A1E7A4F7556}") = "ViewModel", "Server\ServerViewModel\ViewModel.csproj", "{1F469A20-B5BE-45ED-94C9-A57DB1ADC234}"
EndProject
Project("{9A19103F-16F7-4668-BE54-9A1E7A4F7556}") = "ViewModel", "Client\ClientViewModel\ViewModel.csproj", "{E364F95D-14FF-44E9-B39D-74B7611017CD}"
EndProject
Project("{9A19103F-16F7-4668-BE54-9A1E7A4F7556}") = "Connectivity", "Shared\Connectivity\Connectivity.csproj", "{D8D0907C-1A37-4A74-95AC-D21804030903}"
EndProject
Project("{9A19103F-16F7-4668-BE54-9A1E7A4F7556}") = "ViewModel", "Shared\SharedViewModels\ViewModel.csproj", "{E64D4CBE-747C-4457-8A6B-32E2DCEF088C}"
EndProject
Project("{2150E333-8FDC-42A3-9474-1A3956D46DE8}") = "Shared", "Shared", "{F2506890-7AE2-42A0-B028-A9943F20B91A}"
EndProject
Project("{9A19103F-16F7-4668-BE54-9A1E7A4F7556}") = "ModelTests", "Shared\ModelTests\ModelTests.csproj", "{5741A638-0D27-4F7E-A581-1B3022FBE22A}"
EndProject
Global
	GlobalSection(SolutionConfigurationPlatforms) = preSolution
		Debug|Any CPU = Debug|Any CPU
		Debug|ARM = Debug|ARM
		Debug|ARM64 = Debug|ARM64
		Debug|x64 = Debug|x64
		Debug|x86 = Debug|x86
		Release|Any CPU = Release|Any CPU
		Release|ARM = Release|ARM
		Release|ARM64 = Release|ARM64
		Release|x64 = Release|x64
		Release|x86 = Release|x86
	EndGlobalSection
	GlobalSection(ProjectConfigurationPlatforms) = postSolution
		{442D001C-7476-4607-80CC-BE578F70640D}.Debug|Any CPU.ActiveCfg = Debug|Any CPU
		{442D001C-7476-4607-80CC-BE578F70640D}.Debug|Any CPU.Build.0 = Debug|Any CPU
		{442D001C-7476-4607-80CC-BE578F70640D}.Debug|ARM.ActiveCfg = Debug|Any CPU
		{442D001C-7476-4607-80CC-BE578F70640D}.Debug|ARM.Build.0 = Debug|Any CPU
		{442D001C-7476-4607-80CC-BE578F70640D}.Debug|ARM64.ActiveCfg = Debug|Any CPU
		{442D001C-7476-4607-80CC-BE578F70640D}.Debug|ARM64.Build.0 = Debug|Any CPU
		{442D001C-7476-4607-80CC-BE578F70640D}.Debug|x64.ActiveCfg = Debug|Any CPU
		{442D001C-7476-4607-80CC-BE578F70640D}.Debug|x64.Build.0 = Debug|Any CPU
		{442D001C-7476-4607-80CC-BE578F70640D}.Debug|x86.ActiveCfg = Debug|Any CPU
		{442D001C-7476-4607-80CC-BE578F70640D}.Debug|x86.Build.0 = Debug|Any CPU
		{442D001C-7476-4607-80CC-BE578F70640D}.Release|Any CPU.ActiveCfg = Release|Any CPU
		{442D001C-7476-4607-80CC-BE578F70640D}.Release|Any CPU.Build.0 = Release|Any CPU
		{442D001C-7476-4607-80CC-BE578F70640D}.Release|ARM.ActiveCfg = Release|Any CPU
		{442D001C-7476-4607-80CC-BE578F70640D}.Release|ARM.Build.0 = Release|Any CPU
		{442D001C-7476-4607-80CC-BE578F70640D}.Release|ARM64.ActiveCfg = Release|Any CPU
		{442D001C-7476-4607-80CC-BE578F70640D}.Release|ARM64.Build.0 = Release|Any CPU
		{442D001C-7476-4607-80CC-BE578F70640D}.Release|x64.ActiveCfg = Release|Any CPU
		{442D001C-7476-4607-80CC-BE578F70640D}.Release|x64.Build.0 = Release|Any CPU
		{442D001C-7476-4607-80CC-BE578F70640D}.Release|x86.ActiveCfg = Release|Any CPU
		{442D001C-7476-4607-80CC-BE578F70640D}.Release|x86.Build.0 = Release|Any CPU
		{1F469A20-B5BE-45ED-94C9-A57DB1ADC234}.Debug|Any CPU.ActiveCfg = Debug|Any CPU
		{1F469A20-B5BE-45ED-94C9-A57DB1ADC234}.Debug|Any CPU.Build.0 = Debug|Any CPU
		{1F469A20-B5BE-45ED-94C9-A57DB1ADC234}.Debug|ARM.ActiveCfg = Debug|Any CPU
		{1F469A20-B5BE-45ED-94C9-A57DB1ADC234}.Debug|ARM.Build.0 = Debug|Any CPU
		{1F469A20-B5BE-45ED-94C9-A57DB1ADC234}.Debug|ARM64.ActiveCfg = Debug|Any CPU
		{1F469A20-B5BE-45ED-94C9-A57DB1ADC234}.Debug|ARM64.Build.0 = Debug|Any CPU
		{1F469A20-B5BE-45ED-94C9-A57DB1ADC234}.Debug|x64.ActiveCfg = Debug|Any CPU
		{1F469A20-B5BE-45ED-94C9-A57DB1ADC234}.Debug|x64.Build.0 = Debug|Any CPU
		{1F469A20-B5BE-45ED-94C9-A57DB1ADC234}.Debug|x86.ActiveCfg = Debug|Any CPU
		{1F469A20-B5BE-45ED-94C9-A57DB1ADC234}.Debug|x86.Build.0 = Debug|Any CPU
		{1F469A20-B5BE-45ED-94C9-A57DB1ADC234}.Release|Any CPU.ActiveCfg = Release|Any CPU
		{1F469A20-B5BE-45ED-94C9-A57DB1ADC234}.Release|Any CPU.Build.0 = Release|Any CPU
		{1F469A20-B5BE-45ED-94C9-A57DB1ADC234}.Release|ARM.ActiveCfg = Release|Any CPU
		{1F469A20-B5BE-45ED-94C9-A57DB1ADC234}.Release|ARM.Build.0 = Release|Any CPU
		{1F469A20-B5BE-45ED-94C9-A57DB1ADC234}.Release|ARM64.ActiveCfg = Release|Any CPU
		{1F469A20-B5BE-45ED-94C9-A57DB1ADC234}.Release|ARM64.Build.0 = Release|Any CPU
		{1F469A20-B5BE-45ED-94C9-A57DB1ADC234}.Release|x64.ActiveCfg = Release|Any CPU
		{1F469A20-B5BE-45ED-94C9-A57DB1ADC234}.Release|x64.Build.0 = Release|Any CPU
		{1F469A20-B5BE-45ED-94C9-A57DB1ADC234}.Release|x86.ActiveCfg = Release|Any CPU
		{1F469A20-B5BE-45ED-94C9-A57DB1ADC234}.Release|x86.Build.0 = Release|Any CPU
		{E364F95D-14FF-44E9-B39D-74B7611017CD}.Debug|Any CPU.ActiveCfg = Debug|Any CPU
		{E364F95D-14FF-44E9-B39D-74B7611017CD}.Debug|Any CPU.Build.0 = Debug|Any CPU
		{E364F95D-14FF-44E9-B39D-74B7611017CD}.Debug|ARM.ActiveCfg = Debug|Any CPU
		{E364F95D-14FF-44E9-B39D-74B7611017CD}.Debug|ARM.Build.0 = Debug|Any CPU
		{E364F95D-14FF-44E9-B39D-74B7611017CD}.Debug|ARM64.ActiveCfg = Debug|Any CPU
		{E364F95D-14FF-44E9-B39D-74B7611017CD}.Debug|ARM64.Build.0 = Debug|Any CPU
		{E364F95D-14FF-44E9-B39D-74B7611017CD}.Debug|x64.ActiveCfg = Debug|Any CPU
		{E364F95D-14FF-44E9-B39D-74B7611017CD}.Debug|x64.Build.0 = Debug|Any CPU
		{E364F95D-14FF-44E9-B39D-74B7611017CD}.Debug|x86.ActiveCfg = Debug|Any CPU
		{E364F95D-14FF-44E9-B39D-74B7611017CD}.Debug|x86.Build.0 = Debug|Any CPU
		{E364F95D-14FF-44E9-B39D-74B7611017CD}.Release|Any CPU.ActiveCfg = Release|Any CPU
		{E364F95D-14FF-44E9-B39D-74B7611017CD}.Release|Any CPU.Build.0 = Release|Any CPU
		{E364F95D-14FF-44E9-B39D-74B7611017CD}.Release|ARM.ActiveCfg = Release|Any CPU
		{E364F95D-14FF-44E9-B39D-74B7611017CD}.Release|ARM.Build.0 = Release|Any CPU
		{E364F95D-14FF-44E9-B39D-74B7611017CD}.Release|ARM64.ActiveCfg = Release|Any CPU
		{E364F95D-14FF-44E9-B39D-74B7611017CD}.Release|ARM64.Build.0 = Release|Any CPU
		{E364F95D-14FF-44E9-B39D-74B7611017CD}.Release|x64.ActiveCfg = Release|Any CPU
		{E364F95D-14FF-44E9-B39D-74B7611017CD}.Release|x64.Build.0 = Release|Any CPU
		{E364F95D-14FF-44E9-B39D-74B7611017CD}.Release|x86.ActiveCfg = Release|Any CPU
		{E364F95D-14FF-44E9-B39D-74B7611017CD}.Release|x86.Build.0 = Release|Any CPU
		{D8D0907C-1A37-4A74-95AC-D21804030903}.Debug|Any CPU.ActiveCfg = Debug|Any CPU
		{D8D0907C-1A37-4A74-95AC-D21804030903}.Debug|Any CPU.Build.0 = Debug|Any CPU
		{D8D0907C-1A37-4A74-95AC-D21804030903}.Debug|ARM.ActiveCfg = Debug|Any CPU
		{D8D0907C-1A37-4A74-95AC-D21804030903}.Debug|ARM.Build.0 = Debug|Any CPU
		{D8D0907C-1A37-4A74-95AC-D21804030903}.Debug|ARM64.ActiveCfg = Debug|Any CPU
		{D8D0907C-1A37-4A74-95AC-D21804030903}.Debug|ARM64.Build.0 = Debug|Any CPU
		{D8D0907C-1A37-4A74-95AC-D21804030903}.Debug|x64.ActiveCfg = Debug|Any CPU
		{D8D0907C-1A37-4A74-95AC-D21804030903}.Debug|x64.Build.0 = Debug|Any CPU
		{D8D0907C-1A37-4A74-95AC-D21804030903}.Debug|x86.ActiveCfg = Debug|Any CPU
		{D8D0907C-1A37-4A74-95AC-D21804030903}.Debug|x86.Build.0 = Debug|Any CPU
		{D8D0907C-1A37-4A74-95AC-D21804030903}.Release|Any CPU.ActiveCfg = Release|Any CPU
		{D8D0907C-1A37-4A74-95AC-D21804030903}.Release|Any CPU.Build.0 = Release|Any CPU
		{D8D0907C-1A37-4A74-95AC-D21804030903}.Release|ARM.ActiveCfg = Release|Any CPU
		{D8D0907C-1A37-4A74-95AC-D21804030903}.Release|ARM.Build.0 = Release|Any CPU
		{D8D0907C-1A37-4A74-95AC-D21804030903}.Release|ARM64.ActiveCfg = Release|Any CPU
		{D8D0907C-1A37-4A74-95AC-D21804030903}.Release|ARM64.Build.0 = Release|Any CPU
		{D8D0907C-1A37-4A74-95AC-D21804030903}.Release|x64.ActiveCfg = Release|Any CPU
		{D8D0907C-1A37-4A74-95AC-D21804030903}.Release|x64.Build.0 = Release|Any CPU
		{D8D0907C-1A37-4A74-95AC-D21804030903}.Release|x86.ActiveCfg = Release|Any CPU
		{D8D0907C-1A37-4A74-95AC-D21804030903}.Release|x86.Build.0 = Release|Any CPU
		{E64D4CBE-747C-4457-8A6B-32E2DCEF088C}.Debug|Any CPU.ActiveCfg = Debug|Any CPU
		{E64D4CBE-747C-4457-8A6B-32E2DCEF088C}.Debug|Any CPU.Build.0 = Debug|Any CPU
		{E64D4CBE-747C-4457-8A6B-32E2DCEF088C}.Debug|ARM.ActiveCfg = Debug|Any CPU
		{E64D4CBE-747C-4457-8A6B-32E2DCEF088C}.Debug|ARM.Build.0 = Debug|Any CPU
		{E64D4CBE-747C-4457-8A6B-32E2DCEF088C}.Debug|ARM64.ActiveCfg = Debug|Any CPU
		{E64D4CBE-747C-4457-8A6B-32E2DCEF088C}.Debug|ARM64.Build.0 = Debug|Any CPU
		{E64D4CBE-747C-4457-8A6B-32E2DCEF088C}.Debug|x64.ActiveCfg = Debug|Any CPU
		{E64D4CBE-747C-4457-8A6B-32E2DCEF088C}.Debug|x64.Build.0 = Debug|Any CPU
		{E64D4CBE-747C-4457-8A6B-32E2DCEF088C}.Debug|x86.ActiveCfg = Debug|Any CPU
		{E64D4CBE-747C-4457-8A6B-32E2DCEF088C}.Debug|x86.Build.0 = Debug|Any CPU
		{E64D4CBE-747C-4457-8A6B-32E2DCEF088C}.Release|Any CPU.ActiveCfg = Release|Any CPU
		{E64D4CBE-747C-4457-8A6B-32E2DCEF088C}.Release|Any CPU.Build.0 = Release|Any CPU
		{E64D4CBE-747C-4457-8A6B-32E2DCEF088C}.Release|ARM.ActiveCfg = Release|Any CPU
		{E64D4CBE-747C-4457-8A6B-32E2DCEF088C}.Release|ARM.Build.0 = Release|Any CPU
		{E64D4CBE-747C-4457-8A6B-32E2DCEF088C}.Release|ARM64.ActiveCfg = Release|Any CPU
		{E64D4CBE-747C-4457-8A6B-32E2DCEF088C}.Release|ARM64.Build.0 = Release|Any CPU
		{E64D4CBE-747C-4457-8A6B-32E2DCEF088C}.Release|x64.ActiveCfg = Release|Any CPU
		{E64D4CBE-747C-4457-8A6B-32E2DCEF088C}.Release|x64.Build.0 = Release|Any CPU
		{E64D4CBE-747C-4457-8A6B-32E2DCEF088C}.Release|x86.ActiveCfg = Release|Any CPU
		{E64D4CBE-747C-4457-8A6B-32E2DCEF088C}.Release|x86.Build.0 = Release|Any CPU
		{5741A638-0D27-4F7E-A581-1B3022FBE22A}.Debug|Any CPU.ActiveCfg = Debug|Any CPU
		{5741A638-0D27-4F7E-A581-1B3022FBE22A}.Debug|Any CPU.Build.0 = Debug|Any CPU
		{5741A638-0D27-4F7E-A581-1B3022FBE22A}.Debug|ARM.ActiveCfg = Debug|Any CPU
		{5741A638-0D27-4F7E-A581-1B3022FBE22A}.Debug|ARM.Build.0 = Debug|Any CPU
		{5741A638-0D27-4F7E-A581-1B3022FBE22A}.Debug|ARM64.ActiveCfg = Debug|Any CPU
		{5741A638-0D27-4F7E-A581-1B3022FBE22A}.Debug|ARM64.Build.0 = Debug|Any CPU
		{5741A638-0D27-4F7E-A581-1B3022FBE22A}.Debug|x64.ActiveCfg = Debug|Any CPU
		{5741A638-0D27-4F7E-A581-1B3022FBE22A}.Debug|x64.Build.0 = Debug|Any CPU
		{5741A638-0D27-4F7E-A581-1B3022FBE22A}.Debug|x86.ActiveCfg = Debug|Any CPU
		{5741A638-0D27-4F7E-A581-1B3022FBE22A}.Debug|x86.Build.0 = Debug|Any CPU
		{5741A638-0D27-4F7E-A581-1B3022FBE22A}.Release|Any CPU.ActiveCfg = Release|Any CPU
		{5741A638-0D27-4F7E-A581-1B3022FBE22A}.Release|Any CPU.Build.0 = Release|Any CPU
		{5741A638-0D27-4F7E-A581-1B3022FBE22A}.Release|ARM.ActiveCfg = Release|Any CPU
		{5741A638-0D27-4F7E-A581-1B3022FBE22A}.Release|ARM.Build.0 = Release|Any CPU
		{5741A638-0D27-4F7E-A581-1B3022FBE22A}.Release|ARM64.ActiveCfg = Release|Any CPU
		{5741A638-0D27-4F7E-A581-1B3022FBE22A}.Release|ARM64.Build.0 = Release|Any CPU
		{5741A638-0D27-4F7E-A581-1B3022FBE22A}.Release|x64.ActiveCfg = Release|Any CPU
		{5741A638-0D27-4F7E-A581-1B3022FBE22A}.Release|x64.Build.0 = Release|Any CPU
		{5741A638-0D27-4F7E-A581-1B3022FBE22A}.Release|x86.ActiveCfg = Release|Any CPU
		{5741A638-0D27-4F7E-A581-1B3022FBE22A}.Release|x86.Build.0 = Release|Any CPU
	EndGlobalSection
	GlobalSection(SolutionProperties) = preSolution
		HideSolutionNode = FALSE
	EndGlobalSection
	GlobalSection(NestedProjects) = preSolution
		{442D001C-7476-4607-80CC-BE578F70640D} = {F2506890-7AE2-42A0-B028-A9943F20B91A}
		{1F469A20-B5BE-45ED-94C9-A57DB1ADC234} = {688FEB76-3E5A-4260-B21C-431637C733FD}
		{E364F95D-14FF-44E9-B39D-74B7611017CD} = {ABBB723B-12CB-48BC-A98E-829DC1370C77}
		{D8D0907C-1A37-4A74-95AC-D21804030903} = {F2506890-7AE2-42A0-B028-A9943F20B91A}
		{E64D4CBE-747C-4457-8A6B-32E2DCEF088C} = {F2506890-7AE2-42A0-B028-A9943F20B91A}
		{5741A638-0D27-4F7E-A581-1B3022FBE22A} = {F2506890-7AE2-42A0-B028-A9943F20B91A}
	EndGlobalSection
	GlobalSection(ExtensibilityGlobals) = postSolution
		SolutionGuid = {674216A3-539B-403E-BE68-5E0B087A3BEC}
	EndGlobalSection
EndGlobal
