
Microsoft Visual Studio Solution File, Format Version 12.00
# Visual Studio Version 16
VisualStudioVersion = 16.0.29613.14
MinimumVisualStudioVersion = 10.0.40219.1
Project("{9A19103F-16F7-4668-BE54-9A1E7A4F7556}") = "Data", "Shared\Data\Data.csproj", "{442D001C-7476-4607-80CC-BE578F70640D}"
EndProject
Project("{2150E333-8FDC-42A3-9474-1A3956D46DE8}") = "Server", "Server", "{688FEB76-3E5A-4260-B21C-431637C733FD}"
EndProject
Project("{2150E333-8FDC-42A3-9474-1A3956D46DE8}") = "Client", "Client", "{ABBB723B-12CB-48BC-A98E-829DC1370C77}"
EndProject
Project("{9A19103F-16F7-4668-BE54-9A1E7A4F7556}") = "ViewModel", "Shared\SharedViewModels\ViewModel.csproj", "{E64D4CBE-747C-4457-8A6B-32E2DCEF088C}"
	ProjectSection(ProjectDependencies) = postProject
		{442D001C-7476-4607-80CC-BE578F70640D} = {442D001C-7476-4607-80CC-BE578F70640D}
	EndProjectSection
EndProject
Project("{2150E333-8FDC-42A3-9474-1A3956D46DE8}") = "Shared", "Shared", "{F2506890-7AE2-42A0-B028-A9943F20B91A}"
EndProject
Project("{9A19103F-16F7-4668-BE54-9A1E7A4F7556}") = "DataTests", "Shared\DataTests\DataTests.csproj", "{5741A638-0D27-4F7E-A581-1B3022FBE22A}"
EndProject
Project("{9A19103F-16F7-4668-BE54-9A1E7A4F7556}") = "View", "Server\View\View.csproj", "{27CAF874-B367-406A-B5C5-C1CE61383916}"
EndProject
Project("{9A19103F-16F7-4668-BE54-9A1E7A4F7556}") = "View", "Shared\View\View\View.csproj", "{7F5F2671-D059-429F-874B-3641C869ADC0}"
EndProject
Project("{9A19103F-16F7-4668-BE54-9A1E7A4F7556}") = "Logic", "Shared\Logic\Logic.csproj", "{5C5C304C-9405-4957-9275-1F5706E11112}"
EndProject
Project("{9A19103F-16F7-4668-BE54-9A1E7A4F7556}") = "LogicTests", "Shared\LogicTests\LogicTests.csproj", "{4A843F8B-DD2C-4935-8411-99E4EC61ABC9}"
EndProject
Global
	GlobalSection(SolutionConfigurationPlatforms) = preSolution
		Debug|Any CPU = Debug|Any CPU
		Debug|ARM = Debug|ARM
		Debug|ARM64 = Debug|ARM64
		Debug|x64 = Debug|x64
		Debug|x86 = Debug|x86
		Release|Any CPU = Release|Any CPU
		Release|ARM = Release|ARM
		Release|ARM64 = Release|ARM64
		Release|x64 = Release|x64
		Release|x86 = Release|x86
	EndGlobalSection
	GlobalSection(ProjectConfigurationPlatforms) = postSolution
		{442D001C-7476-4607-80CC-BE578F70640D}.Debug|Any CPU.ActiveCfg = Debug|Any CPU
		{442D001C-7476-4607-80CC-BE578F70640D}.Debug|Any CPU.Build.0 = Debug|Any CPU
		{442D001C-7476-4607-80CC-BE578F70640D}.Debug|ARM.ActiveCfg = Debug|Any CPU
		{442D001C-7476-4607-80CC-BE578F70640D}.Debug|ARM.Build.0 = Debug|Any CPU
		{442D001C-7476-4607-80CC-BE578F70640D}.Debug|ARM64.ActiveCfg = Debug|Any CPU
		{442D001C-7476-4607-80CC-BE578F70640D}.Debug|ARM64.Build.0 = Debug|Any CPU
		{442D001C-7476-4607-80CC-BE578F70640D}.Debug|x64.ActiveCfg = Debug|Any CPU
		{442D001C-7476-4607-80CC-BE578F70640D}.Debug|x64.Build.0 = Debug|Any CPU
		{442D001C-7476-4607-80CC-BE578F70640D}.Debug|x86.ActiveCfg = Debug|Any CPU
		{442D001C-7476-4607-80CC-BE578F70640D}.Debug|x86.Build.0 = Debug|Any CPU
		{442D001C-7476-4607-80CC-BE578F70640D}.Release|Any CPU.ActiveCfg = Release|Any CPU
		{442D001C-7476-4607-80CC-BE578F70640D}.Release|Any CPU.Build.0 = Release|Any CPU
		{442D001C-7476-4607-80CC-BE578F70640D}.Release|ARM.ActiveCfg = Release|Any CPU
		{442D001C-7476-4607-80CC-BE578F70640D}.Release|ARM.Build.0 = Release|Any CPU
		{442D001C-7476-4607-80CC-BE578F70640D}.Release|ARM64.ActiveCfg = Release|Any CPU
		{442D001C-7476-4607-80CC-BE578F70640D}.Release|ARM64.Build.0 = Release|Any CPU
		{442D001C-7476-4607-80CC-BE578F70640D}.Release|x64.ActiveCfg = Release|Any CPU
		{442D001C-7476-4607-80CC-BE578F70640D}.Release|x64.Build.0 = Release|Any CPU
		{442D001C-7476-4607-80CC-BE578F70640D}.Release|x86.ActiveCfg = Release|Any CPU
		{442D001C-7476-4607-80CC-BE578F70640D}.Release|x86.Build.0 = Release|Any CPU
		{E64D4CBE-747C-4457-8A6B-32E2DCEF088C}.Debug|Any CPU.ActiveCfg = Debug|Any CPU
		{E64D4CBE-747C-4457-8A6B-32E2DCEF088C}.Debug|Any CPU.Build.0 = Debug|Any CPU
		{E64D4CBE-747C-4457-8A6B-32E2DCEF088C}.Debug|ARM.ActiveCfg = Debug|Any CPU
		{E64D4CBE-747C-4457-8A6B-32E2DCEF088C}.Debug|ARM.Build.0 = Debug|Any CPU
		{E64D4CBE-747C-4457-8A6B-32E2DCEF088C}.Debug|ARM64.ActiveCfg = Debug|Any CPU
		{E64D4CBE-747C-4457-8A6B-32E2DCEF088C}.Debug|ARM64.Build.0 = Debug|Any CPU
		{E64D4CBE-747C-4457-8A6B-32E2DCEF088C}.Debug|x64.ActiveCfg = Debug|Any CPU
		{E64D4CBE-747C-4457-8A6B-32E2DCEF088C}.Debug|x64.Build.0 = Debug|Any CPU
		{E64D4CBE-747C-4457-8A6B-32E2DCEF088C}.Debug|x86.ActiveCfg = Debug|Any CPU
		{E64D4CBE-747C-4457-8A6B-32E2DCEF088C}.Debug|x86.Build.0 = Debug|Any CPU
		{E64D4CBE-747C-4457-8A6B-32E2DCEF088C}.Release|Any CPU.ActiveCfg = Release|Any CPU
		{E64D4CBE-747C-4457-8A6B-32E2DCEF088C}.Release|Any CPU.Build.0 = Release|Any CPU
		{E64D4CBE-747C-4457-8A6B-32E2DCEF088C}.Release|ARM.ActiveCfg = Release|Any CPU
		{E64D4CBE-747C-4457-8A6B-32E2DCEF088C}.Release|ARM.Build.0 = Release|Any CPU
		{E64D4CBE-747C-4457-8A6B-32E2DCEF088C}.Release|ARM64.ActiveCfg = Release|Any CPU
		{E64D4CBE-747C-4457-8A6B-32E2DCEF088C}.Release|ARM64.Build.0 = Release|Any CPU
		{E64D4CBE-747C-4457-8A6B-32E2DCEF088C}.Release|x64.ActiveCfg = Release|Any CPU
		{E64D4CBE-747C-4457-8A6B-32E2DCEF088C}.Release|x64.Build.0 = Release|Any CPU
		{E64D4CBE-747C-4457-8A6B-32E2DCEF088C}.Release|x86.ActiveCfg = Release|Any CPU
		{E64D4CBE-747C-4457-8A6B-32E2DCEF088C}.Release|x86.Build.0 = Release|Any CPU
		{5741A638-0D27-4F7E-A581-1B3022FBE22A}.Debug|Any CPU.ActiveCfg = Debug|Any CPU
		{5741A638-0D27-4F7E-A581-1B3022FBE22A}.Debug|Any CPU.Build.0 = Debug|Any CPU
		{5741A638-0D27-4F7E-A581-1B3022FBE22A}.Debug|ARM.ActiveCfg = Debug|Any CPU
		{5741A638-0D27-4F7E-A581-1B3022FBE22A}.Debug|ARM.Build.0 = Debug|Any CPU
		{5741A638-0D27-4F7E-A581-1B3022FBE22A}.Debug|ARM64.ActiveCfg = Debug|Any CPU
		{5741A638-0D27-4F7E-A581-1B3022FBE22A}.Debug|ARM64.Build.0 = Debug|Any CPU
		{5741A638-0D27-4F7E-A581-1B3022FBE22A}.Debug|x64.ActiveCfg = Debug|Any CPU
		{5741A638-0D27-4F7E-A581-1B3022FBE22A}.Debug|x64.Build.0 = Debug|Any CPU
		{5741A638-0D27-4F7E-A581-1B3022FBE22A}.Debug|x86.ActiveCfg = Debug|Any CPU
		{5741A638-0D27-4F7E-A581-1B3022FBE22A}.Debug|x86.Build.0 = Debug|Any CPU
		{5741A638-0D27-4F7E-A581-1B3022FBE22A}.Release|Any CPU.ActiveCfg = Release|Any CPU
		{5741A638-0D27-4F7E-A581-1B3022FBE22A}.Release|Any CPU.Build.0 = Release|Any CPU
		{5741A638-0D27-4F7E-A581-1B3022FBE22A}.Release|ARM.ActiveCfg = Release|Any CPU
		{5741A638-0D27-4F7E-A581-1B3022FBE22A}.Release|ARM.Build.0 = Release|Any CPU
		{5741A638-0D27-4F7E-A581-1B3022FBE22A}.Release|ARM64.ActiveCfg = Release|Any CPU
		{5741A638-0D27-4F7E-A581-1B3022FBE22A}.Release|ARM64.Build.0 = Release|Any CPU
		{5741A638-0D27-4F7E-A581-1B3022FBE22A}.Release|x64.ActiveCfg = Release|Any CPU
		{5741A638-0D27-4F7E-A581-1B3022FBE22A}.Release|x64.Build.0 = Release|Any CPU
		{5741A638-0D27-4F7E-A581-1B3022FBE22A}.Release|x86.ActiveCfg = Release|Any CPU
		{5741A638-0D27-4F7E-A581-1B3022FBE22A}.Release|x86.Build.0 = Release|Any CPU
		{27CAF874-B367-406A-B5C5-C1CE61383916}.Debug|Any CPU.ActiveCfg = Debug|Any CPU
		{27CAF874-B367-406A-B5C5-C1CE61383916}.Debug|Any CPU.Build.0 = Debug|Any CPU
		{27CAF874-B367-406A-B5C5-C1CE61383916}.Debug|ARM.ActiveCfg = Debug|Any CPU
		{27CAF874-B367-406A-B5C5-C1CE61383916}.Debug|ARM.Build.0 = Debug|Any CPU
		{27CAF874-B367-406A-B5C5-C1CE61383916}.Debug|ARM64.ActiveCfg = Debug|Any CPU
		{27CAF874-B367-406A-B5C5-C1CE61383916}.Debug|ARM64.Build.0 = Debug|Any CPU
		{27CAF874-B367-406A-B5C5-C1CE61383916}.Debug|x64.ActiveCfg = Debug|Any CPU
		{27CAF874-B367-406A-B5C5-C1CE61383916}.Debug|x64.Build.0 = Debug|Any CPU
		{27CAF874-B367-406A-B5C5-C1CE61383916}.Debug|x86.ActiveCfg = Debug|Any CPU
		{27CAF874-B367-406A-B5C5-C1CE61383916}.Debug|x86.Build.0 = Debug|Any CPU
		{27CAF874-B367-406A-B5C5-C1CE61383916}.Release|Any CPU.ActiveCfg = Release|Any CPU
		{27CAF874-B367-406A-B5C5-C1CE61383916}.Release|Any CPU.Build.0 = Release|Any CPU
		{27CAF874-B367-406A-B5C5-C1CE61383916}.Release|ARM.ActiveCfg = Release|Any CPU
		{27CAF874-B367-406A-B5C5-C1CE61383916}.Release|ARM.Build.0 = Release|Any CPU
		{27CAF874-B367-406A-B5C5-C1CE61383916}.Release|ARM64.ActiveCfg = Release|Any CPU
		{27CAF874-B367-406A-B5C5-C1CE61383916}.Release|ARM64.Build.0 = Release|Any CPU
		{27CAF874-B367-406A-B5C5-C1CE61383916}.Release|x64.ActiveCfg = Release|Any CPU
		{27CAF874-B367-406A-B5C5-C1CE61383916}.Release|x64.Build.0 = Release|Any CPU
		{27CAF874-B367-406A-B5C5-C1CE61383916}.Release|x86.ActiveCfg = Release|Any CPU
		{27CAF874-B367-406A-B5C5-C1CE61383916}.Release|x86.Build.0 = Release|Any CPU
		{7F5F2671-D059-429F-874B-3641C869ADC0}.Debug|Any CPU.ActiveCfg = Debug|Any CPU
		{7F5F2671-D059-429F-874B-3641C869ADC0}.Debug|Any CPU.Build.0 = Debug|Any CPU
		{7F5F2671-D059-429F-874B-3641C869ADC0}.Debug|ARM.ActiveCfg = Debug|Any CPU
		{7F5F2671-D059-429F-874B-3641C869ADC0}.Debug|ARM.Build.0 = Debug|Any CPU
		{7F5F2671-D059-429F-874B-3641C869ADC0}.Debug|ARM64.ActiveCfg = Debug|Any CPU
		{7F5F2671-D059-429F-874B-3641C869ADC0}.Debug|ARM64.Build.0 = Debug|Any CPU
		{7F5F2671-D059-429F-874B-3641C869ADC0}.Debug|x64.ActiveCfg = Debug|Any CPU
		{7F5F2671-D059-429F-874B-3641C869ADC0}.Debug|x64.Build.0 = Debug|Any CPU
		{7F5F2671-D059-429F-874B-3641C869ADC0}.Debug|x86.ActiveCfg = Debug|Any CPU
		{7F5F2671-D059-429F-874B-3641C869ADC0}.Debug|x86.Build.0 = Debug|Any CPU
		{7F5F2671-D059-429F-874B-3641C869ADC0}.Release|Any CPU.ActiveCfg = Release|Any CPU
		{7F5F2671-D059-429F-874B-3641C869ADC0}.Release|Any CPU.Build.0 = Release|Any CPU
		{7F5F2671-D059-429F-874B-3641C869ADC0}.Release|ARM.ActiveCfg = Release|Any CPU
		{7F5F2671-D059-429F-874B-3641C869ADC0}.Release|ARM.Build.0 = Release|Any CPU
		{7F5F2671-D059-429F-874B-3641C869ADC0}.Release|ARM64.ActiveCfg = Release|Any CPU
		{7F5F2671-D059-429F-874B-3641C869ADC0}.Release|ARM64.Build.0 = Release|Any CPU
		{7F5F2671-D059-429F-874B-3641C869ADC0}.Release|x64.ActiveCfg = Release|Any CPU
		{7F5F2671-D059-429F-874B-3641C869ADC0}.Release|x64.Build.0 = Release|Any CPU
		{7F5F2671-D059-429F-874B-3641C869ADC0}.Release|x86.ActiveCfg = Release|Any CPU
		{7F5F2671-D059-429F-874B-3641C869ADC0}.Release|x86.Build.0 = Release|Any CPU
		{5C5C304C-9405-4957-9275-1F5706E11112}.Debug|Any CPU.ActiveCfg = Debug|Any CPU
		{5C5C304C-9405-4957-9275-1F5706E11112}.Debug|Any CPU.Build.0 = Debug|Any CPU
		{5C5C304C-9405-4957-9275-1F5706E11112}.Debug|ARM.ActiveCfg = Debug|Any CPU
		{5C5C304C-9405-4957-9275-1F5706E11112}.Debug|ARM.Build.0 = Debug|Any CPU
		{5C5C304C-9405-4957-9275-1F5706E11112}.Debug|ARM64.ActiveCfg = Debug|Any CPU
		{5C5C304C-9405-4957-9275-1F5706E11112}.Debug|ARM64.Build.0 = Debug|Any CPU
		{5C5C304C-9405-4957-9275-1F5706E11112}.Debug|x64.ActiveCfg = Debug|Any CPU
		{5C5C304C-9405-4957-9275-1F5706E11112}.Debug|x64.Build.0 = Debug|Any CPU
		{5C5C304C-9405-4957-9275-1F5706E11112}.Debug|x86.ActiveCfg = Debug|Any CPU
		{5C5C304C-9405-4957-9275-1F5706E11112}.Debug|x86.Build.0 = Debug|Any CPU
		{5C5C304C-9405-4957-9275-1F5706E11112}.Release|Any CPU.ActiveCfg = Release|Any CPU
		{5C5C304C-9405-4957-9275-1F5706E11112}.Release|Any CPU.Build.0 = Release|Any CPU
		{5C5C304C-9405-4957-9275-1F5706E11112}.Release|ARM.ActiveCfg = Release|Any CPU
		{5C5C304C-9405-4957-9275-1F5706E11112}.Release|ARM.Build.0 = Release|Any CPU
		{5C5C304C-9405-4957-9275-1F5706E11112}.Release|ARM64.ActiveCfg = Release|Any CPU
		{5C5C304C-9405-4957-9275-1F5706E11112}.Release|ARM64.Build.0 = Release|Any CPU
		{5C5C304C-9405-4957-9275-1F5706E11112}.Release|x64.ActiveCfg = Release|Any CPU
		{5C5C304C-9405-4957-9275-1F5706E11112}.Release|x64.Build.0 = Release|Any CPU
		{5C5C304C-9405-4957-9275-1F5706E11112}.Release|x86.ActiveCfg = Release|Any CPU
		{5C5C304C-9405-4957-9275-1F5706E11112}.Release|x86.Build.0 = Release|Any CPU
		{4A843F8B-DD2C-4935-8411-99E4EC61ABC9}.Debug|Any CPU.ActiveCfg = Debug|Any CPU
		{4A843F8B-DD2C-4935-8411-99E4EC61ABC9}.Debug|Any CPU.Build.0 = Debug|Any CPU
		{4A843F8B-DD2C-4935-8411-99E4EC61ABC9}.Debug|ARM.ActiveCfg = Debug|Any CPU
		{4A843F8B-DD2C-4935-8411-99E4EC61ABC9}.Debug|ARM.Build.0 = Debug|Any CPU
		{4A843F8B-DD2C-4935-8411-99E4EC61ABC9}.Debug|ARM64.ActiveCfg = Debug|Any CPU
		{4A843F8B-DD2C-4935-8411-99E4EC61ABC9}.Debug|ARM64.Build.0 = Debug|Any CPU
		{4A843F8B-DD2C-4935-8411-99E4EC61ABC9}.Debug|x64.ActiveCfg = Debug|Any CPU
		{4A843F8B-DD2C-4935-8411-99E4EC61ABC9}.Debug|x64.Build.0 = Debug|Any CPU
		{4A843F8B-DD2C-4935-8411-99E4EC61ABC9}.Debug|x86.ActiveCfg = Debug|Any CPU
		{4A843F8B-DD2C-4935-8411-99E4EC61ABC9}.Debug|x86.Build.0 = Debug|Any CPU
		{4A843F8B-DD2C-4935-8411-99E4EC61ABC9}.Release|Any CPU.ActiveCfg = Release|Any CPU
		{4A843F8B-DD2C-4935-8411-99E4EC61ABC9}.Release|Any CPU.Build.0 = Release|Any CPU
		{4A843F8B-DD2C-4935-8411-99E4EC61ABC9}.Release|ARM.ActiveCfg = Release|Any CPU
		{4A843F8B-DD2C-4935-8411-99E4EC61ABC9}.Release|ARM.Build.0 = Release|Any CPU
		{4A843F8B-DD2C-4935-8411-99E4EC61ABC9}.Release|ARM64.ActiveCfg = Release|Any CPU
		{4A843F8B-DD2C-4935-8411-99E4EC61ABC9}.Release|ARM64.Build.0 = Release|Any CPU
		{4A843F8B-DD2C-4935-8411-99E4EC61ABC9}.Release|x64.ActiveCfg = Release|Any CPU
		{4A843F8B-DD2C-4935-8411-99E4EC61ABC9}.Release|x64.Build.0 = Release|Any CPU
		{4A843F8B-DD2C-4935-8411-99E4EC61ABC9}.Release|x86.ActiveCfg = Release|Any CPU
		{4A843F8B-DD2C-4935-8411-99E4EC61ABC9}.Release|x86.Build.0 = Release|Any CPU
	EndGlobalSection
	GlobalSection(SolutionProperties) = preSolution
		HideSolutionNode = FALSE
	EndGlobalSection
	GlobalSection(NestedProjects) = preSolution
		{442D001C-7476-4607-80CC-BE578F70640D} = {F2506890-7AE2-42A0-B028-A9943F20B91A}
		{E64D4CBE-747C-4457-8A6B-32E2DCEF088C} = {F2506890-7AE2-42A0-B028-A9943F20B91A}
		{5741A638-0D27-4F7E-A581-1B3022FBE22A} = {F2506890-7AE2-42A0-B028-A9943F20B91A}
		{27CAF874-B367-406A-B5C5-C1CE61383916} = {688FEB76-3E5A-4260-B21C-431637C733FD}
		{7F5F2671-D059-429F-874B-3641C869ADC0} = {F2506890-7AE2-42A0-B028-A9943F20B91A}
		{5C5C304C-9405-4957-9275-1F5706E11112} = {F2506890-7AE2-42A0-B028-A9943F20B91A}
		{4A843F8B-DD2C-4935-8411-99E4EC61ABC9} = {F2506890-7AE2-42A0-B028-A9943F20B91A}
	EndGlobalSection
	GlobalSection(ExtensibilityGlobals) = postSolution
		SolutionGuid = {674216A3-539B-403E-BE68-5E0B087A3BEC}
	EndGlobalSection
EndGlobal
